
Microsoft Visual Studio Solution File, Format Version 12.00
# Visual Studio Version 17
VisualStudioVersion = 17.8.34525.116
MinimumVisualStudioVersion = 10.0.40219.1
Project("{FAE04EC0-301F-11D3-BF4B-00C04F79EFBC}") = "Expense Tracker", "Expense Tracker.csproj", "{EA494309-1814-4497-B99B-A77F70CF6FDA}"
EndProject
Global
	GlobalSection(SolutionConfigurationPlatforms) = preSolution
		Debug|Any CPU = Debug|Any CPU
		Release|Any CPU = Release|Any CPU
	EndGlobalSection
	GlobalSection(ProjectConfigurationPlatforms) = postSolution
		{EA494309-1814-4497-B99B-A77F70CF6FDA}.Debug|Any CPU.ActiveCfg = Debug|Any CPU
		{EA494309-1814-4497-B99B-A77F70CF6FDA}.Debug|Any CPU.Build.0 = Debug|Any CPU
		{EA494309-1814-4497-B99B-A77F70CF6FDA}.Release|Any CPU.ActiveCfg = Release|Any CPU
		{EA494309-1814-4497-B99B-A77F70CF6FDA}.Release|Any CPU.Build.0 = Release|Any CPU
	EndGlobalSection
	GlobalSection(SolutionProperties) = preSolution
		HideSolutionNode = FALSE
	EndGlobalSection
	GlobalSection(ExtensibilityGlobals) = postSolution
		SolutionGuid = {E727F5B2-0325-4C4C-858D-F0DD66CF7A13}
	EndGlobalSection
EndGlobal
